{
  "name": "usagov-2021",
  "lockfileVersion": 3,
  "requires": true,
  "packages": {
    "": {
      "dependencies": {
        "lazysizes": "^5.3.2"
      }
    },
    "node_modules/lazysizes": {
      "version": "5.3.2",
      "resolved": "https://registry.npmjs.org/lazysizes/-/lazysizes-5.3.2.tgz",
      "integrity": "sha512-22UzWP+Vedi/sMeOr8O7FWimRVtiNJV2HCa+V8+peZOw6QbswN9k58VUhd7i6iK5bw5QkYrF01LJbeJe0PV8jg==",
      "license": "MIT"
    }
  }
}
