{
  "name": "usagov-2021",
  "lockfileVersion": 2,
  "requires": true,
  "packages": {
    "": {
      "dependencies": {
        "@accessible360/accessible-slick": "^1.0.1"
      }
    },
    "node_modules/@accessible360/accessible-slick": {
      "version": "1.0.1",
      "resolved": "https://registry.npmjs.org/@accessible360/accessible-slick/-/accessible-slick-1.0.1.tgz",
      "integrity": "sha512-fAdHKy0CLuApCHFgRs2zcQpzjEdlZUuJND1zIY8T5PiV8bB52gpomjCUFCZwCk9lb87WC0IJGIUaPD6RToocqA==",
      "peerDependencies": {
        "jquery": ">=1.8.0"
      }
    },
    "node_modules/jquery": {
      "version": "3.7.1",
      "resolved": "https://registry.npmjs.org/jquery/-/jquery-3.7.1.tgz",
      "integrity": "sha512-m4avr8yL8kmFN8psrbFFFmB/If14iN5o9nw/NgnnM+kybDJpRsAynV2BsfpTYrTRysYUdADVD7CkUUizgkpLfg==",
      "peer": true
    }
  },
  "dependencies": {
    "@accessible360/accessible-slick": {
      "version": "1.0.1",
      "resolved": "https://registry.npmjs.org/@accessible360/accessible-slick/-/accessible-slick-1.0.1.tgz",
      "integrity": "sha512-fAdHKy0CLuApCHFgRs2zcQpzjEdlZUuJND1zIY8T5PiV8bB52gpomjCUFCZwCk9lb87WC0IJGIUaPD6RToocqA==",
      "requires": {}
    },
    "jquery": {
      "version": "3.7.1",
      "resolved": "https://registry.npmjs.org/jquery/-/jquery-3.7.1.tgz",
      "integrity": "sha512-m4avr8yL8kmFN8psrbFFFmB/If14iN5o9nw/NgnnM+kybDJpRsAynV2BsfpTYrTRysYUdADVD7CkUUizgkpLfg==",
      "peer": true
    }
  }
}
